
Microsoft Visual Studio Solution File, Format Version 12.00
# Visual Studio Version 16
VisualStudioVersion = 16.0.32228.343
MinimumVisualStudioVersion = 10.0.40219.1
Project("{FAE04EC0-301F-11D3-BF4B-00C04F79EFBC}") = "SDA_46337z_MyProject", "SDA_46337z_MyProject\SDA_46337z_MyProject.csproj", "{3938FB12-EBDE-4292-B616-62BBF03D22C3}"
EndProject
Global
	GlobalSection(SolutionConfigurationPlatforms) = preSolution
		Debug|Any CPU = Debug|Any CPU
		Release|Any CPU = Release|Any CPU
	EndGlobalSection
	GlobalSection(ProjectConfigurationPlatforms) = postSolution
		{3938FB12-EBDE-4292-B616-62BBF03D22C3}.Debug|Any CPU.ActiveCfg = Debug|Any CPU
		{3938FB12-EBDE-4292-B616-62BBF03D22C3}.Debug|Any CPU.Build.0 = Debug|Any CPU
		{3938FB12-EBDE-4292-B616-62BBF03D22C3}.Release|Any CPU.ActiveCfg = Release|Any CPU
		{3938FB12-EBDE-4292-B616-62BBF03D22C3}.Release|Any CPU.Build.0 = Release|Any CPU
	EndGlobalSection
	GlobalSection(SolutionProperties) = preSolution
		HideSolutionNode = FALSE
	EndGlobalSection
	GlobalSection(ExtensibilityGlobals) = postSolution
		SolutionGuid = {0771E8E0-1421-4EB2-A0DC-8437140FCFD1}
	EndGlobalSection
EndGlobal
